
Microsoft Visual Studio Solution File, Format Version 12.00
# Visual Studio Version 17
VisualStudioVersion = 17.8.34330.188
MinimumVisualStudioVersion = 10.0.40219.1
Project("{FAE04EC0-301F-11D3-BF4B-00C04F79EFBC}") = "siteTakipProgramı", "siteTakipProgramı\siteTakipProgramı.csproj", "{B290BB11-C310-4A76-9F4A-33DE5B04BD95}"
EndProject
Global
	GlobalSection(SolutionConfigurationPlatforms) = preSolution
		Debug|Any CPU = Debug|Any CPU
		Release|Any CPU = Release|Any CPU
	EndGlobalSection
	GlobalSection(ProjectConfigurationPlatforms) = postSolution
		{B290BB11-C310-4A76-9F4A-33DE5B04BD95}.Debug|Any CPU.ActiveCfg = Debug|Any CPU
		{B290BB11-C310-4A76-9F4A-33DE5B04BD95}.Debug|Any CPU.Build.0 = Debug|Any CPU
		{B290BB11-C310-4A76-9F4A-33DE5B04BD95}.Release|Any CPU.ActiveCfg = Release|Any CPU
		{B290BB11-C310-4A76-9F4A-33DE5B04BD95}.Release|Any CPU.Build.0 = Release|Any CPU
	EndGlobalSection
	GlobalSection(SolutionProperties) = preSolution
		HideSolutionNode = FALSE
	EndGlobalSection
	GlobalSection(ExtensibilityGlobals) = postSolution
		SolutionGuid = {02E705B0-8FE0-42FF-9731-8E9AFFA1DCDA}
	EndGlobalSection
EndGlobal
